// !$*UTF8*$!
{
	archiveVersion = 1;
	classes = {
	};
	objectVersion = 56;
	objects = {

/* Begin PBXBuildFile section */
		A1954B0028FB2A0A00A95C03 /* assignmentoneApp.swift in Sources */ = {isa = PBXBuildFile; fileRef = A1954AFF28FB2A0A00A95C03 /* assignmentoneApp.swift */; };
		A1954B0228FB2A0A00A95C03 /* ContentView.swift in Sources */ = {isa = PBXBuildFile; fileRef = A1954B0128FB2A0A00A95C03 /* ContentView.swift */; };
		A1954B0428FB2A0C00A95C03 /* Assets.xcassets in Resources */ = {isa = PBXBuildFile; fileRef = A1954B0328FB2A0C00A95C03 /* Assets.xcassets */; };
		A1954B0828FB2A0C00A95C03 /* Preview Assets.xcassets in Resources */ = {isa = PBXBuildFile; fileRef = A1954B0728FB2A0C00A95C03 /* Preview Assets.xcassets */; };
		A1954B1228FB2A0C00A95C03 /* assignmentoneTests.swift in Sources */ = {isa = PBXBuildFile; fileRef = A1954B1128FB2A0C00A95C03 /* assignmentoneTests.swift */; };
		A1954B1C28FB2A0D00A95C03 /* assignmentoneUITests.swift in Sources */ = {isa = PBXBuildFile; fileRef = A1954B1B28FB2A0D00A95C03 /* assignmentoneUITests.swift */; };
		A1954B1E28FB2A0D00A95C03 /* assignmentoneUITestsLaunchTests.swift in Sources */ = {isa = PBXBuildFile; fileRef = A1954B1D28FB2A0D00A95C03 /* assignmentoneUITestsLaunchTests.swift */; };
/* End PBXBuildFile section */

/* Begin PBXContainerItemProxy section */
		A1954B0E28FB2A0C00A95C03 /* PBXContainerItemProxy */ = {
			isa = PBXContainerItemProxy;
			containerPortal = A1954AF428FB2A0A00A95C03 /* Project object */;
			proxyType = 1;
			remoteGlobalIDString = A1954AFB28FB2A0A00A95C03;
			remoteInfo = assignmentone;
		};
		A1954B1828FB2A0C00A95C03 /* PBXContainerItemProxy */ = {
			isa = PBXContainerItemProxy;
			containerPortal = A1954AF428FB2A0A00A95C03 /* Project object */;
			proxyType = 1;
			remoteGlobalIDString = A1954AFB28FB2A0A00A95C03;
			remoteInfo = assignmentone;
		};
/* End PBXContainerItemProxy section */

/* Begin PBXFileReference section */
		A1954AFC28FB2A0A00A95C03 /* assignmentone.app */ = {isa = PBXFileReference; explicitFileType = wrapper.application; includeInIndex = 0; path = assignmentone.app; sourceTree = BUILT_PRODUCTS_DIR; };
		A1954AFF28FB2A0A00A95C03 /* assignmentoneApp.swift */ = {isa = PBXFileReference; lastKnownFileType = sourcecode.swift; path = assignmentoneApp.swift; sourceTree = "<group>"; };
		A1954B0128FB2A0A00A95C03 /* ContentView.swift */ = {isa = PBXFileReference; lastKnownFileType = sourcecode.swift; path = ContentView.swift; sourceTree = "<group>"; };
		A1954B0328FB2A0C00A95C03 /* Assets.xcassets */ = {isa = PBXFileReference; lastKnownFileType = folder.assetcatalog; path = Assets.xcassets; sourceTree = "<group>"; };
		A1954B0528FB2A0C00A95C03 /* assignmentone.entitlements */ = {isa = PBXFileReference; lastKnownFileType = text.plist.entitlements; path = assignmentone.entitlements; sourceTree = "<group>"; };
		A1954B0728FB2A0C00A95C03 /* Preview Assets.xcassets */ = {isa = PBXFileReference; lastKnownFileType = folder.assetcatalog; path = "Preview Assets.xcassets"; sourceTree = "<group>"; };
		A1954B0D28FB2A0C00A95C03 /* assignmentoneTests.xctest */ = {isa = PBXFileReference; explicitFileType = wrapper.cfbundle; includeInIndex = 0; path = assignmentoneTests.xctest; sourceTree = BUILT_PRODUCTS_DIR; };
		A1954B1128FB2A0C00A95C03 /* assignmentoneTests.swift */ = {isa = PBXFileReference; lastKnownFileType = sourcecode.swift; path = assignmentoneTests.swift; sourceTree = "<group>"; };
		A1954B1728FB2A0C00A95C03 /* assignmentoneUITests.xctest */ = {isa = PBXFileReference; explicitFileType = wrapper.cfbundle; includeInIndex = 0; path = assignmentoneUITests.xctest; sourceTree = BUILT_PRODUCTS_DIR; };
		A1954B1B28FB2A0D00A95C03 /* assignmentoneUITests.swift */ = {isa = PBXFileReference; lastKnownFileType = sourcecode.swift; path = assignmentoneUITests.swift; sourceTree = "<group>"; };
		A1954B1D28FB2A0D00A95C03 /* assignmentoneUITestsLaunchTests.swift */ = {isa = PBXFileReference; lastKnownFileType = sourcecode.swift; path = assignmentoneUITestsLaunchTests.swift; sourceTree = "<group>"; };
/* End PBXFileReference section */

/* Begin PBXFrameworksBuildPhase section */
		A1954AF928FB2A0A00A95C03 /* Frameworks */ = {
			isa = PBXFrameworksBuildPhase;
			buildActionMask = 2147483647;
			files = (
			);
			runOnlyForDeploymentPostprocessing = 0;
		};
		A1954B0A28FB2A0C00A95C03 /* Frameworks */ = {
			isa = PBXFrameworksBuildPhase;
			buildActionMask = 2147483647;
			files = (
			);
			runOnlyForDeploymentPostprocessing = 0;
		};
		A1954B1428FB2A0C00A95C03 /* Frameworks */ = {
			isa = PBXFrameworksBuildPhase;
			buildActionMask = 2147483647;
			files = (
			);
			runOnlyForDeploymentPostprocessing = 0;
		};
/* End PBXFrameworksBuildPhase section */

/* Begin PBXGroup section */
		A1954AF328FB2A0A00A95C03 = {
			isa = PBXGroup;
			children = (
				A1954AFE28FB2A0A00A95C03 /* assignmentone */,
				A1954B1028FB2A0C00A95C03 /* assignmentoneTests */,
				A1954B1A28FB2A0D00A95C03 /* assignmentoneUITests */,
				A1954AFD28FB2A0A00A95C03 /* Products */,
			);
			sourceTree = "<group>";
		};
		A1954AFD28FB2A0A00A95C03 /* Products */ = {
			isa = PBXGroup;
			children = (
				A1954AFC28FB2A0A00A95C03 /* assignmentone.app */,
				A1954B0D28FB2A0C00A95C03 /* assignmentoneTests.xctest */,
				A1954B1728FB2A0C00A95C03 /* assignmentoneUITests.xctest */,
			);
			name = Products;
			sourceTree = "<group>";
		};
		A1954AFE28FB2A0A00A95C03 /* assignmentone */ = {
			isa = PBXGroup;
			children = (
				A1954AFF28FB2A0A00A95C03 /* assignmentoneApp.swift */,
				A1954B0128FB2A0A00A95C03 /* ContentView.swift */,
				A1954B0328FB2A0C00A95C03 /* Assets.xcassets */,
				A1954B0528FB2A0C00A95C03 /* assignmentone.entitlements */,
				A1954B0628FB2A0C00A95C03 /* Preview Content */,
			);
			path = assignmentone;
			sourceTree = "<group>";
		};
		A1954B0628FB2A0C00A95C03 /* Preview Content */ = {
			isa = PBXGroup;
			children = (
				A1954B0728FB2A0C00A95C03 /* Preview Assets.xcassets */,
			);
			path = "Preview Content";
			sourceTree = "<group>";
		};
		A1954B1028FB2A0C00A95C03 /* assignmentoneTests */ = {
			isa = PBXGroup;
			children = (
				A1954B1128FB2A0C00A95C03 /* assignmentoneTests.swift */,
			);
			path = assignmentoneTests;
			sourceTree = "<group>";
		};
		A1954B1A28FB2A0D00A95C03 /* assignmentoneUITests */ = {
			isa = PBXGroup;
			children = (
				A1954B1B28FB2A0D00A95C03 /* assignmentoneUITests.swift */,
				A1954B1D28FB2A0D00A95C03 /* assignmentoneUITestsLaunchTests.swift */,
			);
			path = assignmentoneUITests;
			sourceTree = "<group>";
		};
/* End PBXGroup section */

/* Begin PBXNativeTarget section */
		A1954AFB28FB2A0A00A95C03 /* assignmentone */ = {
			isa = PBXNativeTarget;
			buildConfigurationList = A1954B2128FB2A0D00A95C03 /* Build configuration list for PBXNativeTarget "assignmentone" */;
			buildPhases = (
				A1954AF828FB2A0A00A95C03 /* Sources */,
				A1954AF928FB2A0A00A95C03 /* Frameworks */,
				A1954AFA28FB2A0A00A95C03 /* Resources */,
			);
			buildRules = (
			);
			dependencies = (
			);
			name = assignmentone;
			productName = assignmentone;
			productReference = A1954AFC28FB2A0A00A95C03 /* assignmentone.app */;
			productType = "com.apple.product-type.application";
		};
		A1954B0C28FB2A0C00A95C03 /* assignmentoneTests */ = {
			isa = PBXNativeTarget;
			buildConfigurationList = A1954B2428FB2A0D00A95C03 /* Build configuration list for PBXNativeTarget "assignmentoneTests" */;
			buildPhases = (
				A1954B0928FB2A0C00A95C03 /* Sources */,
				A1954B0A28FB2A0C00A95C03 /* Frameworks */,
				A1954B0B28FB2A0C00A95C03 /* Resources */,
			);
			buildRules = (
			);
			dependencies = (
				A1954B0F28FB2A0C00A95C03 /* PBXTargetDependency */,
			);
			name = assignmentoneTests;
			productName = assignmentoneTests;
			productReference = A1954B0D28FB2A0C00A95C03 /* assignmentoneTests.xctest */;
			productType = "com.apple.product-type.bundle.unit-test";
		};
		A1954B1628FB2A0C00A95C03 /* assignmentoneUITests */ = {
			isa = PBXNativeTarget;
			buildConfigurationList = A1954B2728FB2A0D00A95C03 /* Build configuration list for PBXNativeTarget "assignmentoneUITests" */;
			buildPhases = (
				A1954B1328FB2A0C00A95C03 /* Sources */,
				A1954B1428FB2A0C00A95C03 /* Frameworks */,
				A1954B1528FB2A0C00A95C03 /* Resources */,
			);
			buildRules = (
			);
			dependencies = (
				A1954B1928FB2A0C00A95C03 /* PBXTargetDependency */,
			);
			name = assignmentoneUITests;
			productName = assignmentoneUITests;
			productReference = A1954B1728FB2A0C00A95C03 /* assignmentoneUITests.xctest */;
			productType = "com.apple.product-type.bundle.ui-testing";
		};
/* End PBXNativeTarget section */

/* Begin PBXProject section */
		A1954AF428FB2A0A00A95C03 /* Project object */ = {
			isa = PBXProject;
			attributes = {
				BuildIndependentTargetsInParallel = 1;
				LastSwiftUpdateCheck = 1400;
				LastUpgradeCheck = 1400;
				TargetAttributes = {
					A1954AFB28FB2A0A00A95C03 = {
						CreatedOnToolsVersion = 14.0.1;
					};
					A1954B0C28FB2A0C00A95C03 = {
						CreatedOnToolsVersion = 14.0.1;
						TestTargetID = A1954AFB28FB2A0A00A95C03;
					};
					A1954B1628FB2A0C00A95C03 = {
						CreatedOnToolsVersion = 14.0.1;
						TestTargetID = A1954AFB28FB2A0A00A95C03;
					};
				};
			};
			buildConfigurationList = A1954AF728FB2A0A00A95C03 /* Build configuration list for PBXProject "assignmentone" */;
			compatibilityVersion = "Xcode 14.0";
			developmentRegion = en;
			hasScannedForEncodings = 0;
			knownRegions = (
				en,
				Base,
			);
			mainGroup = A1954AF328FB2A0A00A95C03;
			productRefGroup = A1954AFD28FB2A0A00A95C03 /* Products */;
			projectDirPath = "";
			projectRoot = "";
			targets = (
				A1954AFB28FB2A0A00A95C03 /* assignmentone */,
				A1954B0C28FB2A0C00A95C03 /* assignmentoneTests */,
				A1954B1628FB2A0C00A95C03 /* assignmentoneUITests */,
			);
		};
/* End PBXProject section */

/* Begin PBXResourcesBuildPhase section */
		A1954AFA28FB2A0A00A95C03 /* Resources */ = {
			isa = PBXResourcesBuildPhase;
			buildActionMask = 2147483647;
			files = (
				A1954B0828FB2A0C00A95C03 /* Preview Assets.xcassets in Resources */,
				A1954B0428FB2A0C00A95C03 /* Assets.xcassets in Resources */,
			);
			runOnlyForDeploymentPostprocessing = 0;
		};
		A1954B0B28FB2A0C00A95C03 /* Resources */ = {
			isa = PBXResourcesBuildPhase;
			buildActionMask = 2147483647;
			files = (
			);
			runOnlyForDeploymentPostprocessing = 0;
		};
		A1954B1528FB2A0C00A95C03 /* Resources */ = {
			isa = PBXResourcesBuildPhase;
			buildActionMask = 2147483647;
			files = (
			);
			runOnlyForDeploymentPostprocessing = 0;
		};
/* End PBXResourcesBuildPhase section */

/* Begin PBXSourcesBuildPhase section */
		A1954AF828FB2A0A00A95C03 /* Sources */ = {
			isa = PBXSourcesBuildPhase;
			buildActionMask = 2147483647;
			files = (
				A1954B0228FB2A0A00A95C03 /* ContentView.swift in Sources */,
				A1954B0028FB2A0A00A95C03 /* assignmentoneApp.swift in Sources */,
			);
			runOnlyForDeploymentPostprocessing = 0;
		};
		A1954B0928FB2A0C00A95C03 /* Sources */ = {
			isa = PBXSourcesBuildPhase;
			buildActionMask = 2147483647;
			files = (
				A1954B1228FB2A0C00A95C03 /* assignmentoneTests.swift in Sources */,
			);
			runOnlyForDeploymentPostprocessing = 0;
		};
		A1954B1328FB2A0C00A95C03 /* Sources */ = {
			isa = PBXSourcesBuildPhase;
			buildActionMask = 2147483647;
			files = (
				A1954B1E28FB2A0D00A95C03 /* assignmentoneUITestsLaunchTests.swift in Sources */,
				A1954B1C28FB2A0D00A95C03 /* assignmentoneUITests.swift in Sources */,
			);
			runOnlyForDeploymentPostprocessing = 0;
		};
/* End PBXSourcesBuildPhase section */

/* Begin PBXTargetDependency section */
		A1954B0F28FB2A0C00A95C03 /* PBXTargetDependency */ = {
			isa = PBXTargetDependency;
			target = A1954AFB28FB2A0A00A95C03 /* assignmentone */;
			targetProxy = A1954B0E28FB2A0C00A95C03 /* PBXContainerItemProxy */;
		};
		A1954B1928FB2A0C00A95C03 /* PBXTargetDependency */ = {
			isa = PBXTargetDependency;
			target = A1954AFB28FB2A0A00A95C03 /* assignmentone */;
			targetProxy = A1954B1828FB2A0C00A95C03 /* PBXContainerItemProxy */;
		};
/* End PBXTargetDependency section */

/* Begin XCBuildConfiguration section */
		A1954B1F28FB2A0D00A95C03 /* Debug */ = {
			isa = XCBuildConfiguration;
			buildSettings = {
				ALWAYS_SEARCH_USER_PATHS = NO;
				CLANG_ANALYZER_NONNULL = YES;
				CLANG_ANALYZER_NUMBER_OBJECT_CONVERSION = YES_AGGRESSIVE;
				CLANG_CXX_LANGUAGE_STANDARD = "gnu++20";
				CLANG_ENABLE_MODULES = YES;
				CLANG_ENABLE_OBJC_ARC = YES;
				CLANG_ENABLE_OBJC_WEAK = YES;
				CLANG_WARN_BLOCK_CAPTURE_AUTORELEASING = YES;
				CLANG_WARN_BOOL_CONVERSION = YES;
				CLANG_WARN_COMMA = YES;
				CLANG_WARN_CONSTANT_CONVERSION = YES;
				CLANG_WARN_DEPRECATED_OBJC_IMPLEMENTATIONS = YES;
				CLANG_WARN_DIRECT_OBJC_ISA_USAGE = YES_ERROR;
				CLANG_WARN_DOCUMENTATION_COMMENTS = YES;
				CLANG_WARN_EMPTY_BODY = YES;
				CLANG_WARN_ENUM_CONVERSION = YES;
				CLANG_WARN_INFINITE_RECURSION = YES;
				CLANG_WARN_INT_CONVERSION = YES;
				CLANG_WARN_NON_LITERAL_NULL_CONVERSION = YES;
				CLANG_WARN_OBJC_IMPLICIT_RETAIN_SELF = YES;
				CLANG_WARN_OBJC_LITERAL_CONVERSION = YES;
				CLANG_WARN_OBJC_ROOT_CLASS = YES_ERROR;
				CLANG_WARN_QUOTED_INCLUDE_IN_FRAMEWORK_HEADER = YES;
				CLANG_WARN_RANGE_LOOP_ANALYSIS = YES;
				CLANG_WARN_STRICT_PROTOTYPES = YES;
				CLANG_WARN_SUSPICIOUS_MOVE = YES;
				CLANG_WARN_UNGUARDED_AVAILABILITY = YES_AGGRESSIVE;
				CLANG_WARN_UNREACHABLE_CODE = YES;
				CLANG_WARN__DUPLICATE_METHOD_MATCH = YES;
				COPY_PHASE_STRIP = NO;
				DEBUG_INFORMATION_FORMAT = dwarf;
				ENABLE_STRICT_OBJC_MSGSEND = YES;
				ENABLE_TESTABILITY = YES;
				GCC_C_LANGUAGE_STANDARD = gnu11;
				GCC_DYNAMIC_NO_PIC = NO;
				GCC_NO_COMMON_BLOCKS = YES;
				GCC_OPTIMIZATION_LEVEL = 0;
				GCC_PREPROCESSOR_DEFINITIONS = (
					"DEBUG=1",
					"$(inherited)",
				);
				GCC_WARN_64_TO_32_BIT_CONVERSION = YES;
				GCC_WARN_ABOUT_RETURN_TYPE = YES_ERROR;
				GCC_WARN_UNDECLARED_SELECTOR = YES;
				GCC_WARN_UNINITIALIZED_AUTOS = YES_AGGRESSIVE;
				GCC_WARN_UNUSED_FUNCTION = YES;
				GCC_WARN_UNUSED_VARIABLE = YES;
				MTL_ENABLE_DEBUG_INFO = INCLUDE_SOURCE;
				MTL_FAST_MATH = YES;
				ONLY_ACTIVE_ARCH = YES;
				SWIFT_ACTIVE_COMPILATION_CONDITIONS = DEBUG;
				SWIFT_OPTIMIZATION_LEVEL = "-Onone";
			};
			name = Debug;
		};
		A1954B2028FB2A0D00A95C03 /* Release */ = {
			isa = XCBuildConfiguration;
			buildSettings = {
				ALWAYS_SEARCH_USER_PATHS = NO;
				CLANG_ANALYZER_NONNULL = YES;
				CLANG_ANALYZER_NUMBER_OBJECT_CONVERSION = YES_AGGRESSIVE;
				CLANG_CXX_LANGUAGE_STANDARD = "gnu++20";
				CLANG_ENABLE_MODULES = YES;
				CLANG_ENABLE_OBJC_ARC = YES;
				CLANG_ENABLE_OBJC_WEAK = YES;
				CLANG_WARN_BLOCK_CAPTURE_AUTORELEASING = YES;
				CLANG_WARN_BOOL_CONVERSION = YES;
				CLANG_WARN_COMMA = YES;
				CLANG_WARN_CONSTANT_CONVERSION = YES;
				CLANG_WARN_DEPRECATED_OBJC_IMPLEMENTATIONS = YES;
				CLANG_WARN_DIRECT_OBJC_ISA_USAGE = YES_ERROR;
				CLANG_WARN_DOCUMENTATION_COMMENTS = YES;
				CLANG_WARN_EMPTY_BODY = YES;
				CLANG_WARN_ENUM_CONVERSION = YES;
				CLANG_WARN_INFINITE_RECURSION = YES;
				CLANG_WARN_INT_CONVERSION = YES;
				CLANG_WARN_NON_LITERAL_NULL_CONVERSION = YES;
				CLANG_WARN_OBJC_IMPLICIT_RETAIN_SELF = YES;
				CLANG_WARN_OBJC_LITERAL_CONVERSION = YES;
				CLANG_WARN_OBJC_ROOT_CLASS = YES_ERROR;
				CLANG_WARN_QUOTED_INCLUDE_IN_FRAMEWORK_HEADER = YES;
				CLANG_WARN_RANGE_LOOP_ANALYSIS = YES;
				CLANG_WARN_STRICT_PROTOTYPES = YES;
				CLANG_WARN_SUSPICIOUS_MOVE = YES;
				CLANG_WARN_UNGUARDED_AVAILABILITY = YES_AGGRESSIVE;
				CLANG_WARN_UNREACHABLE_CODE = YES;
				CLANG_WARN__DUPLICATE_METHOD_MATCH = YES;
				COPY_PHASE_STRIP = NO;
				DEBUG_INFORMATION_FORMAT = "dwarf-with-dsym";
				ENABLE_NS_ASSERTIONS = NO;
				ENABLE_STRICT_OBJC_MSGSEND = YES;
				GCC_C_LANGUAGE_STANDARD = gnu11;
				GCC_NO_COMMON_BLOCKS = YES;
				GCC_WARN_64_TO_32_BIT_CONVERSION = YES;
				GCC_WARN_ABOUT_RETURN_TYPE = YES_ERROR;
				GCC_WARN_UNDECLARED_SELECTOR = YES;
				GCC_WARN_UNINITIALIZED_AUTOS = YES_AGGRESSIVE;
				GCC_WARN_UNUSED_FUNCTION = YES;
				GCC_WARN_UNUSED_VARIABLE = YES;
				MTL_ENABLE_DEBUG_INFO = NO;
				MTL_FAST_MATH = YES;
				SWIFT_COMPILATION_MODE = wholemodule;
				SWIFT_OPTIMIZATION_LEVEL = "-O";
			};
			name = Release;
		};
		A1954B2228FB2A0D00A95C03 /* Debug */ = {
			isa = XCBuildConfiguration;
			buildSettings = {
				ASSETCATALOG_COMPILER_APPICON_NAME = AppIcon;
				ASSETCATALOG_COMPILER_GLOBAL_ACCENT_COLOR_NAME = AccentColor;
				CODE_SIGN_ENTITLEMENTS = assignmentone/assignmentone.entitlements;
				CODE_SIGN_STYLE = Automatic;
				CURRENT_PROJECT_VERSION = 1;
				DEVELOPMENT_ASSET_PATHS = "\"assignmentone/Preview Content\"";
				ENABLE_PREVIEWS = YES;
				GENERATE_INFOPLIST_FILE = YES;
				"INFOPLIST_KEY_UIApplicationSceneManifest_Generation[sdk=iphoneos*]" = YES;
				"INFOPLIST_KEY_UIApplicationSceneManifest_Generation[sdk=iphonesimulator*]" = YES;
				"INFOPLIST_KEY_UIApplicationSupportsIndirectInputEvents[sdk=iphoneos*]" = YES;
				"INFOPLIST_KEY_UIApplicationSupportsIndirectInputEvents[sdk=iphonesimulator*]" = YES;
				"INFOPLIST_KEY_UILaunchScreen_Generation[sdk=iphoneos*]" = YES;
				"INFOPLIST_KEY_UILaunchScreen_Generation[sdk=iphonesimulator*]" = YES;
				"INFOPLIST_KEY_UIStatusBarStyle[sdk=iphoneos*]" = UIStatusBarStyleDefault;
				"INFOPLIST_KEY_UIStatusBarStyle[sdk=iphonesimulator*]" = UIStatusBarStyleDefault;
				INFOPLIST_KEY_UISupportedInterfaceOrientations_iPad = "UIInterfaceOrientationPortrait UIInterfaceOrientationPortraitUpsideDown UIInterfaceOrientationLandscapeLeft UIInterfaceOrientationLandscapeRight";
				INFOPLIST_KEY_UISupportedInterfaceOrientations_iPhone = "UIInterfaceOrientationPortrait UIInterfaceOrientationLandscapeLeft UIInterfaceOrientationLandscapeRight";
				IPHONEOS_DEPLOYMENT_TARGET = 16.0;
				LD_RUNPATH_SEARCH_PATHS = "@executable_path/Frameworks";
				"LD_RUNPATH_SEARCH_PATHS[sdk=macosx*]" = "@executable_path/../Frameworks";
				MACOSX_DEPLOYMENT_TARGET = 12.3;
				MARKETING_VERSION = 1.0;
				PRODUCT_BUNDLE_IDENTIFIER = gzs0061.assignmentone;
				PRODUCT_NAME = "$(TARGET_NAME)";
				SDKROOT = auto;
				SUPPORTED_PLATFORMS = "iphoneos iphonesimulator macosx";
				SWIFT_EMIT_LOC_STRINGS = YES;
				SWIFT_VERSION = 5.0;
				TARGETED_DEVICE_FAMILY = "1,2";
			};
			name = Debug;
		};
		A1954B2328FB2A0D00A95C03 /* Release */ = {
			isa = XCBuildConfiguration;
			buildSettings = {
				ASSETCATALOG_COMPILER_APPICON_NAME = AppIcon;
				ASSETCATALOG_COMPILER_GLOBAL_ACCENT_COLOR_NAME = AccentColor;
				CODE_SIGN_ENTITLEMENTS = assignmentone/assignmentone.entitlements;
				CODE_SIGN_STYLE = Automatic;
				CURRENT_PROJECT_VERSION = 1;
				DEVELOPMENT_ASSET_PATHS = "\"assignmentone/Preview Content\"";
				ENABLE_PREVIEWS = YES;
				GENERATE_INFOPLIST_FILE = YES;
				"INFOPLIST_KEY_UIApplicationSceneManifest_Generation[sdk=iphoneos*]" = YES;
				"INFOPLIST_KEY_UIApplicationSceneManifest_Generation[sdk=iphonesimulator*]" = YES;
				"INFOPLIST_KEY_UIApplicationSupportsIndirectInputEvents[sdk=iphoneos*]" = YES;
				"INFOPLIST_KEY_UIApplicationSupportsIndirectInputEvents[sdk=iphonesimulator*]" = YES;
				"INFOPLIST_KEY_UILaunchScreen_Generation[sdk=iphoneos*]" = YES;
				"INFOPLIST_KEY_UILaunchScreen_Generation[sdk=iphonesimulator*]" = YES;
				"INFOPLIST_KEY_UIStatusBarStyle[sdk=iphoneos*]" = UIStatusBarStyleDefault;
				"INFOPLIST_KEY_UIStatusBarStyle[sdk=iphonesimulator*]" = UIStatusBarStyleDefault;
				INFOPLIST_KEY_UISupportedInterfaceOrientations_iPad = "UIInterfaceOrientationPortrait UIInterfaceOrientationPortraitUpsideDown UIInterfaceOrientationLandscapeLeft UIInterfaceOrientationLandscapeRight";
				INFOPLIST_KEY_UISupportedInterfaceOrientations_iPhone = "UIInterfaceOrientationPortrait UIInterfaceOrientationLandscapeLeft UIInterfaceOrientationLandscapeRight";
				IPHONEOS_DEPLOYMENT_TARGET = 16.0;
				LD_RUNPATH_SEARCH_PATHS = "@executable_path/Frameworks";
				"LD_RUNPATH_SEARCH_PATHS[sdk=macosx*]" = "@executable_path/../Frameworks";
				MACOSX_DEPLOYMENT_TARGET = 12.3;
				MARKETING_VERSION = 1.0;
				PRODUCT_BUNDLE_IDENTIFIER = gzs0061.assignmentone;
				PRODUCT_NAME = "$(TARGET_NAME)";
				SDKROOT = auto;
				SUPPORTED_PLATFORMS = "iphoneos iphonesimulator macosx";
				SWIFT_EMIT_LOC_STRINGS = YES;
				SWIFT_VERSION = 5.0;
				TARGETED_DEVICE_FAMILY = "1,2";
			};
			name = Release;
		};
		A1954B2528FB2A0D00A95C03 /* Debug */ = {
			isa = XCBuildConfiguration;
			buildSettings = {
				ALWAYS_EMBED_SWIFT_STANDARD_LIBRARIES = YES;
				BUNDLE_LOADER = "$(TEST_HOST)";
				CODE_SIGN_STYLE = Automatic;
				CURRENT_PROJECT_VERSION = 1;
				GENERATE_INFOPLIST_FILE = YES;
				IPHONEOS_DEPLOYMENT_TARGET = 16.0;
				MACOSX_DEPLOYMENT_TARGET = 12.3;
				MARKETING_VERSION = 1.0;
				PRODUCT_BUNDLE_IDENTIFIER = gzs0061.assignmentoneTests;
				PRODUCT_NAME = "$(TARGET_NAME)";
				SDKROOT = auto;
				SUPPORTED_PLATFORMS = "iphoneos iphonesimulator macosx";
				SWIFT_EMIT_LOC_STRINGS = NO;
				SWIFT_VERSION = 5.0;
				TARGETED_DEVICE_FAMILY = "1,2";
				TEST_HOST = "$(BUILT_PRODUCTS_DIR)/assignmentone.app/$(BUNDLE_EXECUTABLE_FOLDER_PATH)/assignmentone";
			};
			name = Debug;
		};
		A1954B2628FB2A0D00A95C03 /* Release */ = {
			isa = XCBuildConfiguration;
			buildSettings = {
				ALWAYS_EMBED_SWIFT_STANDARD_LIBRARIES = YES;
				BUNDLE_LOADER = "$(TEST_HOST)";
				CODE_SIGN_STYLE = Automatic;
				CURRENT_PROJECT_VERSION = 1;
				GENERATE_INFOPLIST_FILE = YES;
				IPHONEOS_DEPLOYMENT_TARGET = 16.0;
				MACOSX_DEPLOYMENT_TARGET = 12.3;
				MARKETING_VERSION = 1.0;
				PRODUCT_BUNDLE_IDENTIFIER = gzs0061.assignmentoneTests;
				PRODUCT_NAME = "$(TARGET_NAME)";
				SDKROOT = auto;
				SUPPORTED_PLATFORMS = "iphoneos iphonesimulator macosx";
				SWIFT_EMIT_LOC_STRINGS = NO;
				SWIFT_VERSION = 5.0;
				TARGETED_DEVICE_FAMILY = "1,2";
				TEST_HOST = "$(BUILT_PRODUCTS_DIR)/assignmentone.app/$(BUNDLE_EXECUTABLE_FOLDER_PATH)/assignmentone";
			};
			name = Release;
		};
		A1954B2828FB2A0D00A95C03 /* Debug */ = {
			isa = XCBuildConfiguration;
			buildSettings = {
				ALWAYS_EMBED_SWIFT_STANDARD_LIBRARIES = YES;
				CODE_SIGN_STYLE = Automatic;
				CURRENT_PROJECT_VERSION = 1;
				GENERATE_INFOPLIST_FILE = YES;
				IPHONEOS_DEPLOYMENT_TARGET = 16.0;
				MACOSX_DEPLOYMENT_TARGET = 12.3;
				MARKETING_VERSION = 1.0;
				PRODUCT_BUNDLE_IDENTIFIER = gzs0061.assignmentoneUITests;
				PRODUCT_NAME = "$(TARGET_NAME)";
				SDKROOT = auto;
				SUPPORTED_PLATFORMS = "iphoneos iphonesimulator macosx";
				SWIFT_EMIT_LOC_STRINGS = NO;
				SWIFT_VERSION = 5.0;
				TARGETED_DEVICE_FAMILY = "1,2";
				TEST_TARGET_NAME = assignmentone;
			};
			name = Debug;
		};
		A1954B2928FB2A0D00A95C03 /* Release */ = {
			isa = XCBuildConfiguration;
			buildSettings = {
				ALWAYS_EMBED_SWIFT_STANDARD_LIBRARIES = YES;
				CODE_SIGN_STYLE = Automatic;
				CURRENT_PROJECT_VERSION = 1;
				GENERATE_INFOPLIST_FILE = YES;
				IPHONEOS_DEPLOYMENT_TARGET = 16.0;
				MACOSX_DEPLOYMENT_TARGET = 12.3;
				MARKETING_VERSION = 1.0;
				PRODUCT_BUNDLE_IDENTIFIER = gzs0061.assignmentoneUITests;
				PRODUCT_NAME = "$(TARGET_NAME)";
				SDKROOT = auto;
				SUPPORTED_PLATFORMS = "iphoneos iphonesimulator macosx";
				SWIFT_EMIT_LOC_STRINGS = NO;
				SWIFT_VERSION = 5.0;
				TARGETED_DEVICE_FAMILY = "1,2";
				TEST_TARGET_NAME = assignmentone;
			};
			name = Release;
		};
/* End XCBuildConfiguration section */

/* Begin XCConfigurationList section */
		A1954AF728FB2A0A00A95C03 /* Build configuration list for PBXProject "assignmentone" */ = {
			isa = XCConfigurationList;
			buildConfigurations = (
				A1954B1F28FB2A0D00A95C03 /* Debug */,
				A1954B2028FB2A0D00A95C03 /* Release */,
			);
			defaultConfigurationIsVisible = 0;
			defaultConfigurationName = Release;
		};
		A1954B2128FB2A0D00A95C03 /* Build configuration list for PBXNativeTarget "assignmentone" */ = {
			isa = XCConfigurationList;
			buildConfigurations = (
				A1954B2228FB2A0D00A95C03 /* Debug */,
				A1954B2328FB2A0D00A95C03 /* Release */,
			);
			defaultConfigurationIsVisible = 0;
			defaultConfigurationName = Release;
		};
		A1954B2428FB2A0D00A95C03 /* Build configuration list for PBXNativeTarget "assignmentoneTests" */ = {
			isa = XCConfigurationList;
			buildConfigurations = (
				A1954B2528FB2A0D00A95C03 /* Debug */,
				A1954B2628FB2A0D00A95C03 /* Release */,
			);
			defaultConfigurationIsVisible = 0;
			defaultConfigurationName = Release;
		};
		A1954B2728FB2A0D00A95C03 /* Build configuration list for PBXNativeTarget "assignmentoneUITests" */ = {
			isa = XCConfigurationList;
			buildConfigurations = (
				A1954B2828FB2A0D00A95C03 /* Debug */,
				A1954B2928FB2A0D00A95C03 /* Release */,
			);
			defaultConfigurationIsVisible = 0;
			defaultConfigurationName = Release;
		};
/* End XCConfigurationList section */
	};
	rootObject = A1954AF428FB2A0A00A95C03 /* Project object */;
}
