// !$*UTF8*$!
{
	archiveVersion = 1;
	classes = {
	};
	objectVersion = 56;
	objects = {

/* Begin PBXBuildFile section */
		A1FC981E290DECBC00BD8578 /* AppDelegate.swift in Sources */ = {isa = PBXBuildFile; fileRef = A1FC981D290DECBC00BD8578 /* AppDelegate.swift */; };
		A1FC9820290DECBC00BD8578 /* SceneDelegate.swift in Sources */ = {isa = PBXBuildFile; fileRef = A1FC981F290DECBC00BD8578 /* SceneDelegate.swift */; };
		A1FC9822290DECBC00BD8578 /* ViewController.swift in Sources */ = {isa = PBXBuildFile; fileRef = A1FC9821290DECBC00BD8578 /* ViewController.swift */; };
		A1FC9825290DECBC00BD8578 /* Main.storyboard in Resources */ = {isa = PBXBuildFile; fileRef = A1FC9823290DECBC00BD8578 /* Main.storyboard */; };
		A1FC9827290DECBF00BD8578 /* Assets.xcassets in Resources */ = {isa = PBXBuildFile; fileRef = A1FC9826290DECBF00BD8578 /* Assets.xcassets */; };
		A1FC982A290DECBF00BD8578 /* LaunchScreen.storyboard in Resources */ = {isa = PBXBuildFile; fileRef = A1FC9828290DECBF00BD8578 /* LaunchScreen.storyboard */; };
		A1FC9835290DECC000BD8578 /* module3Tests.swift in Sources */ = {isa = PBXBuildFile; fileRef = A1FC9834290DECC000BD8578 /* module3Tests.swift */; };
		A1FC983F290DECC000BD8578 /* module3UITests.swift in Sources */ = {isa = PBXBuildFile; fileRef = A1FC983E290DECC000BD8578 /* module3UITests.swift */; };
		A1FC9841290DECC000BD8578 /* module3UITestsLaunchTests.swift in Sources */ = {isa = PBXBuildFile; fileRef = A1FC9840290DECC000BD8578 /* module3UITestsLaunchTests.swift */; };
/* End PBXBuildFile section */

/* Begin PBXContainerItemProxy section */
		A1FC9831290DECC000BD8578 /* PBXContainerItemProxy */ = {
			isa = PBXContainerItemProxy;
			containerPortal = A1FC9812290DECBC00BD8578 /* Project object */;
			proxyType = 1;
			remoteGlobalIDString = A1FC9819290DECBC00BD8578;
			remoteInfo = module3;
		};
		A1FC983B290DECC000BD8578 /* PBXContainerItemProxy */ = {
			isa = PBXContainerItemProxy;
			containerPortal = A1FC9812290DECBC00BD8578 /* Project object */;
			proxyType = 1;
			remoteGlobalIDString = A1FC9819290DECBC00BD8578;
			remoteInfo = module3;
		};
/* End PBXContainerItemProxy section */

/* Begin PBXFileReference section */
		A1FC981A290DECBC00BD8578 /* module3.app */ = {isa = PBXFileReference; explicitFileType = wrapper.application; includeInIndex = 0; path = module3.app; sourceTree = BUILT_PRODUCTS_DIR; };
		A1FC981D290DECBC00BD8578 /* AppDelegate.swift */ = {isa = PBXFileReference; lastKnownFileType = sourcecode.swift; path = AppDelegate.swift; sourceTree = "<group>"; };
		A1FC981F290DECBC00BD8578 /* SceneDelegate.swift */ = {isa = PBXFileReference; lastKnownFileType = sourcecode.swift; path = SceneDelegate.swift; sourceTree = "<group>"; };
		A1FC9821290DECBC00BD8578 /* ViewController.swift */ = {isa = PBXFileReference; lastKnownFileType = sourcecode.swift; path = ViewController.swift; sourceTree = "<group>"; };
		A1FC9824290DECBC00BD8578 /* Base */ = {isa = PBXFileReference; lastKnownFileType = file.storyboard; name = Base; path = Base.lproj/Main.storyboard; sourceTree = "<group>"; };
		A1FC9826290DECBF00BD8578 /* Assets.xcassets */ = {isa = PBXFileReference; lastKnownFileType = folder.assetcatalog; path = Assets.xcassets; sourceTree = "<group>"; };
		A1FC9829290DECBF00BD8578 /* Base */ = {isa = PBXFileReference; lastKnownFileType = file.storyboard; name = Base; path = Base.lproj/LaunchScreen.storyboard; sourceTree = "<group>"; };
		A1FC982B290DECBF00BD8578 /* Info.plist */ = {isa = PBXFileReference; lastKnownFileType = text.plist.xml; path = Info.plist; sourceTree = "<group>"; };
		A1FC9830290DECC000BD8578 /* module3Tests.xctest */ = {isa = PBXFileReference; explicitFileType = wrapper.cfbundle; includeInIndex = 0; path = module3Tests.xctest; sourceTree = BUILT_PRODUCTS_DIR; };
		A1FC9834290DECC000BD8578 /* module3Tests.swift */ = {isa = PBXFileReference; lastKnownFileType = sourcecode.swift; path = module3Tests.swift; sourceTree = "<group>"; };
		A1FC983A290DECC000BD8578 /* module3UITests.xctest */ = {isa = PBXFileReference; explicitFileType = wrapper.cfbundle; includeInIndex = 0; path = module3UITests.xctest; sourceTree = BUILT_PRODUCTS_DIR; };
		A1FC983E290DECC000BD8578 /* module3UITests.swift */ = {isa = PBXFileReference; lastKnownFileType = sourcecode.swift; path = module3UITests.swift; sourceTree = "<group>"; };
		A1FC9840290DECC000BD8578 /* module3UITestsLaunchTests.swift */ = {isa = PBXFileReference; lastKnownFileType = sourcecode.swift; path = module3UITestsLaunchTests.swift; sourceTree = "<group>"; };
/* End PBXFileReference section */

/* Begin PBXFrameworksBuildPhase section */
		A1FC9817290DECBC00BD8578 /* Frameworks */ = {
			isa = PBXFrameworksBuildPhase;
			buildActionMask = 2147483647;
			files = (
			);
			runOnlyForDeploymentPostprocessing = 0;
		};
		A1FC982D290DECC000BD8578 /* Frameworks */ = {
			isa = PBXFrameworksBuildPhase;
			buildActionMask = 2147483647;
			files = (
			);
			runOnlyForDeploymentPostprocessing = 0;
		};
		A1FC9837290DECC000BD8578 /* Frameworks */ = {
			isa = PBXFrameworksBuildPhase;
			buildActionMask = 2147483647;
			files = (
			);
			runOnlyForDeploymentPostprocessing = 0;
		};
/* End PBXFrameworksBuildPhase section */

/* Begin PBXGroup section */
		A1FC9811290DECBC00BD8578 = {
			isa = PBXGroup;
			children = (
				A1FC981C290DECBC00BD8578 /* module3 */,
				A1FC9833290DECC000BD8578 /* module3Tests */,
				A1FC983D290DECC000BD8578 /* module3UITests */,
				A1FC981B290DECBC00BD8578 /* Products */,
			);
			sourceTree = "<group>";
		};
		A1FC981B290DECBC00BD8578 /* Products */ = {
			isa = PBXGroup;
			children = (
				A1FC981A290DECBC00BD8578 /* module3.app */,
				A1FC9830290DECC000BD8578 /* module3Tests.xctest */,
				A1FC983A290DECC000BD8578 /* module3UITests.xctest */,
			);
			name = Products;
			sourceTree = "<group>";
		};
		A1FC981C290DECBC00BD8578 /* module3 */ = {
			isa = PBXGroup;
			children = (
				A1FC981D290DECBC00BD8578 /* AppDelegate.swift */,
				A1FC981F290DECBC00BD8578 /* SceneDelegate.swift */,
				A1FC9821290DECBC00BD8578 /* ViewController.swift */,
				A1FC9823290DECBC00BD8578 /* Main.storyboard */,
				A1FC9826290DECBF00BD8578 /* Assets.xcassets */,
				A1FC9828290DECBF00BD8578 /* LaunchScreen.storyboard */,
				A1FC982B290DECBF00BD8578 /* Info.plist */,
			);
			path = module3;
			sourceTree = "<group>";
		};
		A1FC9833290DECC000BD8578 /* module3Tests */ = {
			isa = PBXGroup;
			children = (
				A1FC9834290DECC000BD8578 /* module3Tests.swift */,
			);
			path = module3Tests;
			sourceTree = "<group>";
		};
		A1FC983D290DECC000BD8578 /* module3UITests */ = {
			isa = PBXGroup;
			children = (
				A1FC983E290DECC000BD8578 /* module3UITests.swift */,
				A1FC9840290DECC000BD8578 /* module3UITestsLaunchTests.swift */,
			);
			path = module3UITests;
			sourceTree = "<group>";
		};
/* End PBXGroup section */

/* Begin PBXNativeTarget section */
		A1FC9819290DECBC00BD8578 /* module3 */ = {
			isa = PBXNativeTarget;
			buildConfigurationList = A1FC9844290DECC000BD8578 /* Build configuration list for PBXNativeTarget "module3" */;
			buildPhases = (
				A1FC9816290DECBC00BD8578 /* Sources */,
				A1FC9817290DECBC00BD8578 /* Frameworks */,
				A1FC9818290DECBC00BD8578 /* Resources */,
			);
			buildRules = (
			);
			dependencies = (
			);
			name = module3;
			productName = module3;
			productReference = A1FC981A290DECBC00BD8578 /* module3.app */;
			productType = "com.apple.product-type.application";
		};
		A1FC982F290DECC000BD8578 /* module3Tests */ = {
			isa = PBXNativeTarget;
			buildConfigurationList = A1FC9847290DECC000BD8578 /* Build configuration list for PBXNativeTarget "module3Tests" */;
			buildPhases = (
				A1FC982C290DECC000BD8578 /* Sources */,
				A1FC982D290DECC000BD8578 /* Frameworks */,
				A1FC982E290DECC000BD8578 /* Resources */,
			);
			buildRules = (
			);
			dependencies = (
				A1FC9832290DECC000BD8578 /* PBXTargetDependency */,
			);
			name = module3Tests;
			productName = module3Tests;
			productReference = A1FC9830290DECC000BD8578 /* module3Tests.xctest */;
			productType = "com.apple.product-type.bundle.unit-test";
		};
		A1FC9839290DECC000BD8578 /* module3UITests */ = {
			isa = PBXNativeTarget;
			buildConfigurationList = A1FC984A290DECC000BD8578 /* Build configuration list for PBXNativeTarget "module3UITests" */;
			buildPhases = (
				A1FC9836290DECC000BD8578 /* Sources */,
				A1FC9837290DECC000BD8578 /* Frameworks */,
				A1FC9838290DECC000BD8578 /* Resources */,
			);
			buildRules = (
			);
			dependencies = (
				A1FC983C290DECC000BD8578 /* PBXTargetDependency */,
			);
			name = module3UITests;
			productName = module3UITests;
			productReference = A1FC983A290DECC000BD8578 /* module3UITests.xctest */;
			productType = "com.apple.product-type.bundle.ui-testing";
		};
/* End PBXNativeTarget section */

/* Begin PBXProject section */
		A1FC9812290DECBC00BD8578 /* Project object */ = {
			isa = PBXProject;
			attributes = {
				BuildIndependentTargetsInParallel = 1;
				LastSwiftUpdateCheck = 1400;
				LastUpgradeCheck = 1400;
				TargetAttributes = {
					A1FC9819290DECBC00BD8578 = {
						CreatedOnToolsVersion = 14.0.1;
					};
					A1FC982F290DECC000BD8578 = {
						CreatedOnToolsVersion = 14.0.1;
						TestTargetID = A1FC9819290DECBC00BD8578;
					};
					A1FC9839290DECC000BD8578 = {
						CreatedOnToolsVersion = 14.0.1;
						TestTargetID = A1FC9819290DECBC00BD8578;
					};
				};
			};
			buildConfigurationList = A1FC9815290DECBC00BD8578 /* Build configuration list for PBXProject "module3" */;
			compatibilityVersion = "Xcode 14.0";
			developmentRegion = en;
			hasScannedForEncodings = 0;
			knownRegions = (
				en,
				Base,
			);
			mainGroup = A1FC9811290DECBC00BD8578;
			productRefGroup = A1FC981B290DECBC00BD8578 /* Products */;
			projectDirPath = "";
			projectRoot = "";
			targets = (
				A1FC9819290DECBC00BD8578 /* module3 */,
				A1FC982F290DECC000BD8578 /* module3Tests */,
				A1FC9839290DECC000BD8578 /* module3UITests */,
			);
		};
/* End PBXProject section */

/* Begin PBXResourcesBuildPhase section */
		A1FC9818290DECBC00BD8578 /* Resources */ = {
			isa = PBXResourcesBuildPhase;
			buildActionMask = 2147483647;
			files = (
				A1FC982A290DECBF00BD8578 /* LaunchScreen.storyboard in Resources */,
				A1FC9827290DECBF00BD8578 /* Assets.xcassets in Resources */,
				A1FC9825290DECBC00BD8578 /* Main.storyboard in Resources */,
			);
			runOnlyForDeploymentPostprocessing = 0;
		};
		A1FC982E290DECC000BD8578 /* Resources */ = {
			isa = PBXResourcesBuildPhase;
			buildActionMask = 2147483647;
			files = (
			);
			runOnlyForDeploymentPostprocessing = 0;
		};
		A1FC9838290DECC000BD8578 /* Resources */ = {
			isa = PBXResourcesBuildPhase;
			buildActionMask = 2147483647;
			files = (
			);
			runOnlyForDeploymentPostprocessing = 0;
		};
/* End PBXResourcesBuildPhase section */

/* Begin PBXSourcesBuildPhase section */
		A1FC9816290DECBC00BD8578 /* Sources */ = {
			isa = PBXSourcesBuildPhase;
			buildActionMask = 2147483647;
			files = (
				A1FC9822290DECBC00BD8578 /* ViewController.swift in Sources */,
				A1FC981E290DECBC00BD8578 /* AppDelegate.swift in Sources */,
				A1FC9820290DECBC00BD8578 /* SceneDelegate.swift in Sources */,
			);
			runOnlyForDeploymentPostprocessing = 0;
		};
		A1FC982C290DECC000BD8578 /* Sources */ = {
			isa = PBXSourcesBuildPhase;
			buildActionMask = 2147483647;
			files = (
				A1FC9835290DECC000BD8578 /* module3Tests.swift in Sources */,
			);
			runOnlyForDeploymentPostprocessing = 0;
		};
		A1FC9836290DECC000BD8578 /* Sources */ = {
			isa = PBXSourcesBuildPhase;
			buildActionMask = 2147483647;
			files = (
				A1FC9841290DECC000BD8578 /* module3UITestsLaunchTests.swift in Sources */,
				A1FC983F290DECC000BD8578 /* module3UITests.swift in Sources */,
			);
			runOnlyForDeploymentPostprocessing = 0;
		};
/* End PBXSourcesBuildPhase section */

/* Begin PBXTargetDependency section */
		A1FC9832290DECC000BD8578 /* PBXTargetDependency */ = {
			isa = PBXTargetDependency;
			target = A1FC9819290DECBC00BD8578 /* module3 */;
			targetProxy = A1FC9831290DECC000BD8578 /* PBXContainerItemProxy */;
		};
		A1FC983C290DECC000BD8578 /* PBXTargetDependency */ = {
			isa = PBXTargetDependency;
			target = A1FC9819290DECBC00BD8578 /* module3 */;
			targetProxy = A1FC983B290DECC000BD8578 /* PBXContainerItemProxy */;
		};
/* End PBXTargetDependency section */

/* Begin PBXVariantGroup section */
		A1FC9823290DECBC00BD8578 /* Main.storyboard */ = {
			isa = PBXVariantGroup;
			children = (
				A1FC9824290DECBC00BD8578 /* Base */,
			);
			name = Main.storyboard;
			sourceTree = "<group>";
		};
		A1FC9828290DECBF00BD8578 /* LaunchScreen.storyboard */ = {
			isa = PBXVariantGroup;
			children = (
				A1FC9829290DECBF00BD8578 /* Base */,
			);
			name = LaunchScreen.storyboard;
			sourceTree = "<group>";
		};
/* End PBXVariantGroup section */

/* Begin XCBuildConfiguration section */
		A1FC9842290DECC000BD8578 /* Debug */ = {
			isa = XCBuildConfiguration;
			buildSettings = {
				ALWAYS_SEARCH_USER_PATHS = NO;
				CLANG_ANALYZER_NONNULL = YES;
				CLANG_ANALYZER_NUMBER_OBJECT_CONVERSION = YES_AGGRESSIVE;
				CLANG_CXX_LANGUAGE_STANDARD = "gnu++20";
				CLANG_ENABLE_MODULES = YES;
				CLANG_ENABLE_OBJC_ARC = YES;
				CLANG_ENABLE_OBJC_WEAK = YES;
				CLANG_WARN_BLOCK_CAPTURE_AUTORELEASING = YES;
				CLANG_WARN_BOOL_CONVERSION = YES;
				CLANG_WARN_COMMA = YES;
				CLANG_WARN_CONSTANT_CONVERSION = YES;
				CLANG_WARN_DEPRECATED_OBJC_IMPLEMENTATIONS = YES;
				CLANG_WARN_DIRECT_OBJC_ISA_USAGE = YES_ERROR;
				CLANG_WARN_DOCUMENTATION_COMMENTS = YES;
				CLANG_WARN_EMPTY_BODY = YES;
				CLANG_WARN_ENUM_CONVERSION = YES;
				CLANG_WARN_INFINITE_RECURSION = YES;
				CLANG_WARN_INT_CONVERSION = YES;
				CLANG_WARN_NON_LITERAL_NULL_CONVERSION = YES;
				CLANG_WARN_OBJC_IMPLICIT_RETAIN_SELF = YES;
				CLANG_WARN_OBJC_LITERAL_CONVERSION = YES;
				CLANG_WARN_OBJC_ROOT_CLASS = YES_ERROR;
				CLANG_WARN_QUOTED_INCLUDE_IN_FRAMEWORK_HEADER = YES;
				CLANG_WARN_RANGE_LOOP_ANALYSIS = YES;
				CLANG_WARN_STRICT_PROTOTYPES = YES;
				CLANG_WARN_SUSPICIOUS_MOVE = YES;
				CLANG_WARN_UNGUARDED_AVAILABILITY = YES_AGGRESSIVE;
				CLANG_WARN_UNREACHABLE_CODE = YES;
				CLANG_WARN__DUPLICATE_METHOD_MATCH = YES;
				COPY_PHASE_STRIP = NO;
				DEBUG_INFORMATION_FORMAT = dwarf;
				ENABLE_STRICT_OBJC_MSGSEND = YES;
				ENABLE_TESTABILITY = YES;
				GCC_C_LANGUAGE_STANDARD = gnu11;
				GCC_DYNAMIC_NO_PIC = NO;
				GCC_NO_COMMON_BLOCKS = YES;
				GCC_OPTIMIZATION_LEVEL = 0;
				GCC_PREPROCESSOR_DEFINITIONS = (
					"DEBUG=1",
					"$(inherited)",
				);
				GCC_WARN_64_TO_32_BIT_CONVERSION = YES;
				GCC_WARN_ABOUT_RETURN_TYPE = YES_ERROR;
				GCC_WARN_UNDECLARED_SELECTOR = YES;
				GCC_WARN_UNINITIALIZED_AUTOS = YES_AGGRESSIVE;
				GCC_WARN_UNUSED_FUNCTION = YES;
				GCC_WARN_UNUSED_VARIABLE = YES;
				IPHONEOS_DEPLOYMENT_TARGET = 16.0;
				MTL_ENABLE_DEBUG_INFO = INCLUDE_SOURCE;
				MTL_FAST_MATH = YES;
				ONLY_ACTIVE_ARCH = YES;
				SDKROOT = iphoneos;
				SWIFT_ACTIVE_COMPILATION_CONDITIONS = DEBUG;
				SWIFT_OPTIMIZATION_LEVEL = "-Onone";
			};
			name = Debug;
		};
		A1FC9843290DECC000BD8578 /* Release */ = {
			isa = XCBuildConfiguration;
			buildSettings = {
				ALWAYS_SEARCH_USER_PATHS = NO;
				CLANG_ANALYZER_NONNULL = YES;
				CLANG_ANALYZER_NUMBER_OBJECT_CONVERSION = YES_AGGRESSIVE;
				CLANG_CXX_LANGUAGE_STANDARD = "gnu++20";
				CLANG_ENABLE_MODULES = YES;
				CLANG_ENABLE_OBJC_ARC = YES;
				CLANG_ENABLE_OBJC_WEAK = YES;
				CLANG_WARN_BLOCK_CAPTURE_AUTORELEASING = YES;
				CLANG_WARN_BOOL_CONVERSION = YES;
				CLANG_WARN_COMMA = YES;
				CLANG_WARN_CONSTANT_CONVERSION = YES;
				CLANG_WARN_DEPRECATED_OBJC_IMPLEMENTATIONS = YES;
				CLANG_WARN_DIRECT_OBJC_ISA_USAGE = YES_ERROR;
				CLANG_WARN_DOCUMENTATION_COMMENTS = YES;
				CLANG_WARN_EMPTY_BODY = YES;
				CLANG_WARN_ENUM_CONVERSION = YES;
				CLANG_WARN_INFINITE_RECURSION = YES;
				CLANG_WARN_INT_CONVERSION = YES;
				CLANG_WARN_NON_LITERAL_NULL_CONVERSION = YES;
				CLANG_WARN_OBJC_IMPLICIT_RETAIN_SELF = YES;
				CLANG_WARN_OBJC_LITERAL_CONVERSION = YES;
				CLANG_WARN_OBJC_ROOT_CLASS = YES_ERROR;
				CLANG_WARN_QUOTED_INCLUDE_IN_FRAMEWORK_HEADER = YES;
				CLANG_WARN_RANGE_LOOP_ANALYSIS = YES;
				CLANG_WARN_STRICT_PROTOTYPES = YES;
				CLANG_WARN_SUSPICIOUS_MOVE = YES;
				CLANG_WARN_UNGUARDED_AVAILABILITY = YES_AGGRESSIVE;
				CLANG_WARN_UNREACHABLE_CODE = YES;
				CLANG_WARN__DUPLICATE_METHOD_MATCH = YES;
				COPY_PHASE_STRIP = NO;
				DEBUG_INFORMATION_FORMAT = "dwarf-with-dsym";
				ENABLE_NS_ASSERTIONS = NO;
				ENABLE_STRICT_OBJC_MSGSEND = YES;
				GCC_C_LANGUAGE_STANDARD = gnu11;
				GCC_NO_COMMON_BLOCKS = YES;
				GCC_WARN_64_TO_32_BIT_CONVERSION = YES;
				GCC_WARN_ABOUT_RETURN_TYPE = YES_ERROR;
				GCC_WARN_UNDECLARED_SELECTOR = YES;
				GCC_WARN_UNINITIALIZED_AUTOS = YES_AGGRESSIVE;
				GCC_WARN_UNUSED_FUNCTION = YES;
				GCC_WARN_UNUSED_VARIABLE = YES;
				IPHONEOS_DEPLOYMENT_TARGET = 16.0;
				MTL_ENABLE_DEBUG_INFO = NO;
				MTL_FAST_MATH = YES;
				SDKROOT = iphoneos;
				SWIFT_COMPILATION_MODE = wholemodule;
				SWIFT_OPTIMIZATION_LEVEL = "-O";
				VALIDATE_PRODUCT = YES;
			};
			name = Release;
		};
		A1FC9845290DECC000BD8578 /* Debug */ = {
			isa = XCBuildConfiguration;
			buildSettings = {
				ASSETCATALOG_COMPILER_APPICON_NAME = AppIcon;
				ASSETCATALOG_COMPILER_GLOBAL_ACCENT_COLOR_NAME = AccentColor;
				CODE_SIGN_STYLE = Automatic;
				CURRENT_PROJECT_VERSION = 1;
				GENERATE_INFOPLIST_FILE = YES;
				INFOPLIST_FILE = module3/Info.plist;
				INFOPLIST_KEY_UIApplicationSupportsIndirectInputEvents = YES;
				INFOPLIST_KEY_UILaunchStoryboardName = LaunchScreen;
				INFOPLIST_KEY_UIMainStoryboardFile = Main;
				INFOPLIST_KEY_UISupportedInterfaceOrientations_iPad = "UIInterfaceOrientationPortrait UIInterfaceOrientationPortraitUpsideDown UIInterfaceOrientationLandscapeLeft UIInterfaceOrientationLandscapeRight";
				INFOPLIST_KEY_UISupportedInterfaceOrientations_iPhone = "UIInterfaceOrientationPortrait UIInterfaceOrientationLandscapeLeft UIInterfaceOrientationLandscapeRight";
				LD_RUNPATH_SEARCH_PATHS = (
					"$(inherited)",
					"@executable_path/Frameworks",
				);
				MARKETING_VERSION = 1.0;
				PRODUCT_BUNDLE_IDENTIFIER = gzs0061.module3;
				PRODUCT_NAME = "$(TARGET_NAME)";
				SWIFT_EMIT_LOC_STRINGS = YES;
				SWIFT_VERSION = 5.0;
				TARGETED_DEVICE_FAMILY = "1,2";
			};
			name = Debug;
		};
		A1FC9846290DECC000BD8578 /* Release */ = {
			isa = XCBuildConfiguration;
			buildSettings = {
				ASSETCATALOG_COMPILER_APPICON_NAME = AppIcon;
				ASSETCATALOG_COMPILER_GLOBAL_ACCENT_COLOR_NAME = AccentColor;
				CODE_SIGN_STYLE = Automatic;
				CURRENT_PROJECT_VERSION = 1;
				GENERATE_INFOPLIST_FILE = YES;
				INFOPLIST_FILE = module3/Info.plist;
				INFOPLIST_KEY_UIApplicationSupportsIndirectInputEvents = YES;
				INFOPLIST_KEY_UILaunchStoryboardName = LaunchScreen;
				INFOPLIST_KEY_UIMainStoryboardFile = Main;
				INFOPLIST_KEY_UISupportedInterfaceOrientations_iPad = "UIInterfaceOrientationPortrait UIInterfaceOrientationPortraitUpsideDown UIInterfaceOrientationLandscapeLeft UIInterfaceOrientationLandscapeRight";
				INFOPLIST_KEY_UISupportedInterfaceOrientations_iPhone = "UIInterfaceOrientationPortrait UIInterfaceOrientationLandscapeLeft UIInterfaceOrientationLandscapeRight";
				LD_RUNPATH_SEARCH_PATHS = (
					"$(inherited)",
					"@executable_path/Frameworks",
				);
				MARKETING_VERSION = 1.0;
				PRODUCT_BUNDLE_IDENTIFIER = gzs0061.module3;
				PRODUCT_NAME = "$(TARGET_NAME)";
				SWIFT_EMIT_LOC_STRINGS = YES;
				SWIFT_VERSION = 5.0;
				TARGETED_DEVICE_FAMILY = "1,2";
			};
			name = Release;
		};
		A1FC9848290DECC000BD8578 /* Debug */ = {
			isa = XCBuildConfiguration;
			buildSettings = {
				ALWAYS_EMBED_SWIFT_STANDARD_LIBRARIES = YES;
				BUNDLE_LOADER = "$(TEST_HOST)";
				CODE_SIGN_STYLE = Automatic;
				CURRENT_PROJECT_VERSION = 1;
				GENERATE_INFOPLIST_FILE = YES;
				IPHONEOS_DEPLOYMENT_TARGET = 16.0;
				MARKETING_VERSION = 1.0;
				PRODUCT_BUNDLE_IDENTIFIER = gzs0061.module3Tests;
				PRODUCT_NAME = "$(TARGET_NAME)";
				SWIFT_EMIT_LOC_STRINGS = NO;
				SWIFT_VERSION = 5.0;
				TARGETED_DEVICE_FAMILY = "1,2";
				TEST_HOST = "$(BUILT_PRODUCTS_DIR)/module3.app/$(BUNDLE_EXECUTABLE_FOLDER_PATH)/module3";
			};
			name = Debug;
		};
		A1FC9849290DECC000BD8578 /* Release */ = {
			isa = XCBuildConfiguration;
			buildSettings = {
				ALWAYS_EMBED_SWIFT_STANDARD_LIBRARIES = YES;
				BUNDLE_LOADER = "$(TEST_HOST)";
				CODE_SIGN_STYLE = Automatic;
				CURRENT_PROJECT_VERSION = 1;
				GENERATE_INFOPLIST_FILE = YES;
				IPHONEOS_DEPLOYMENT_TARGET = 16.0;
				MARKETING_VERSION = 1.0;
				PRODUCT_BUNDLE_IDENTIFIER = gzs0061.module3Tests;
				PRODUCT_NAME = "$(TARGET_NAME)";
				SWIFT_EMIT_LOC_STRINGS = NO;
				SWIFT_VERSION = 5.0;
				TARGETED_DEVICE_FAMILY = "1,2";
				TEST_HOST = "$(BUILT_PRODUCTS_DIR)/module3.app/$(BUNDLE_EXECUTABLE_FOLDER_PATH)/module3";
			};
			name = Release;
		};
		A1FC984B290DECC000BD8578 /* Debug */ = {
			isa = XCBuildConfiguration;
			buildSettings = {
				ALWAYS_EMBED_SWIFT_STANDARD_LIBRARIES = YES;
				CODE_SIGN_STYLE = Automatic;
				CURRENT_PROJECT_VERSION = 1;
				GENERATE_INFOPLIST_FILE = YES;
				MARKETING_VERSION = 1.0;
				PRODUCT_BUNDLE_IDENTIFIER = gzs0061.module3UITests;
				PRODUCT_NAME = "$(TARGET_NAME)";
				SWIFT_EMIT_LOC_STRINGS = NO;
				SWIFT_VERSION = 5.0;
				TARGETED_DEVICE_FAMILY = "1,2";
				TEST_TARGET_NAME = module3;
			};
			name = Debug;
		};
		A1FC984C290DECC000BD8578 /* Release */ = {
			isa = XCBuildConfiguration;
			buildSettings = {
				ALWAYS_EMBED_SWIFT_STANDARD_LIBRARIES = YES;
				CODE_SIGN_STYLE = Automatic;
				CURRENT_PROJECT_VERSION = 1;
				GENERATE_INFOPLIST_FILE = YES;
				MARKETING_VERSION = 1.0;
				PRODUCT_BUNDLE_IDENTIFIER = gzs0061.module3UITests;
				PRODUCT_NAME = "$(TARGET_NAME)";
				SWIFT_EMIT_LOC_STRINGS = NO;
				SWIFT_VERSION = 5.0;
				TARGETED_DEVICE_FAMILY = "1,2";
				TEST_TARGET_NAME = module3;
			};
			name = Release;
		};
/* End XCBuildConfiguration section */

/* Begin XCConfigurationList section */
		A1FC9815290DECBC00BD8578 /* Build configuration list for PBXProject "module3" */ = {
			isa = XCConfigurationList;
			buildConfigurations = (
				A1FC9842290DECC000BD8578 /* Debug */,
				A1FC9843290DECC000BD8578 /* Release */,
			);
			defaultConfigurationIsVisible = 0;
			defaultConfigurationName = Release;
		};
		A1FC9844290DECC000BD8578 /* Build configuration list for PBXNativeTarget "module3" */ = {
			isa = XCConfigurationList;
			buildConfigurations = (
				A1FC9845290DECC000BD8578 /* Debug */,
				A1FC9846290DECC000BD8578 /* Release */,
			);
			defaultConfigurationIsVisible = 0;
			defaultConfigurationName = Release;
		};
		A1FC9847290DECC000BD8578 /* Build configuration list for PBXNativeTarget "module3Tests" */ = {
			isa = XCConfigurationList;
			buildConfigurations = (
				A1FC9848290DECC000BD8578 /* Debug */,
				A1FC9849290DECC000BD8578 /* Release */,
			);
			defaultConfigurationIsVisible = 0;
			defaultConfigurationName = Release;
		};
		A1FC984A290DECC000BD8578 /* Build configuration list for PBXNativeTarget "module3UITests" */ = {
			isa = XCConfigurationList;
			buildConfigurations = (
				A1FC984B290DECC000BD8578 /* Debug */,
				A1FC984C290DECC000BD8578 /* Release */,
			);
			defaultConfigurationIsVisible = 0;
			defaultConfigurationName = Release;
		};
/* End XCConfigurationList section */
	};
	rootObject = A1FC9812290DECBC00BD8578 /* Project object */;
}
